
Microsoft Visual Studio Solution File, Format Version 12.00
# Visual Studio Version 17
VisualStudioVersion = 17.4.33205.214
MinimumVisualStudioVersion = 10.0.40219.1
Project("{FAE04EC0-301F-11D3-BF4B-00C04F79EFBC}") = "NeuroForge.Server", "NeuroForge.Server\NeuroForge.Server.csproj", "{79857D6F-F7E5-46A8-8163-D502A1032BCF}"
EndProject
Project("{FAE04EC0-301F-11D3-BF4B-00C04F79EFBC}") = "NeuroForge.TestClient", "NeuroForge.TestClient\NeuroForge.TestClient.csproj", "{BC1ABAC3-EE1F-406B-986E-ED6209306A31}"
EndProject
Project("{FAE04EC0-301F-11D3-BF4B-00C04F79EFBC}") = "NeuroForge.Shared", "NeuroForge.Shared\NeuroForge.Shared.csproj", "{B9A043F5-8C8E-41D8-BCCE-8D18E374687A}"
EndProject
Project("{FAE04EC0-301F-11D3-BF4B-00C04F79EFBC}") = "NeuroForge.TestServer", "NeuroForge.TestServer\NeuroForge.TestServer.csproj", "{8951A185-6DD9-4A14-BC82-769264D39493}"
EndProject
Project("{FAE04EC0-301F-11D3-BF4B-00C04F79EFBC}") = "NeuroForge.Client", "NeuroForge.Client\NeuroForge.Client.csproj", "{7FCD9818-9BEA-47C8-817A-4FAFEDE5CAFC}"
EndProject
Global
	GlobalSection(SolutionConfigurationPlatforms) = preSolution
		Debug|Any CPU = Debug|Any CPU
		Release|Any CPU = Release|Any CPU
	EndGlobalSection
	GlobalSection(ProjectConfigurationPlatforms) = postSolution
		{79857D6F-F7E5-46A8-8163-D502A1032BCF}.Debug|Any CPU.ActiveCfg = Debug|Any CPU
		{79857D6F-F7E5-46A8-8163-D502A1032BCF}.Debug|Any CPU.Build.0 = Debug|Any CPU
		{79857D6F-F7E5-46A8-8163-D502A1032BCF}.Release|Any CPU.ActiveCfg = Release|Any CPU
		{79857D6F-F7E5-46A8-8163-D502A1032BCF}.Release|Any CPU.Build.0 = Release|Any CPU
		{BC1ABAC3-EE1F-406B-986E-ED6209306A31}.Debug|Any CPU.ActiveCfg = Debug|Any CPU
		{BC1ABAC3-EE1F-406B-986E-ED6209306A31}.Debug|Any CPU.Build.0 = Debug|Any CPU
		{BC1ABAC3-EE1F-406B-986E-ED6209306A31}.Release|Any CPU.ActiveCfg = Release|Any CPU
		{BC1ABAC3-EE1F-406B-986E-ED6209306A31}.Release|Any CPU.Build.0 = Release|Any CPU
		{B9A043F5-8C8E-41D8-BCCE-8D18E374687A}.Debug|Any CPU.ActiveCfg = Debug|Any CPU
		{B9A043F5-8C8E-41D8-BCCE-8D18E374687A}.Debug|Any CPU.Build.0 = Debug|Any CPU
		{B9A043F5-8C8E-41D8-BCCE-8D18E374687A}.Release|Any CPU.ActiveCfg = Release|Any CPU
		{B9A043F5-8C8E-41D8-BCCE-8D18E374687A}.Release|Any CPU.Build.0 = Release|Any CPU
		{8951A185-6DD9-4A14-BC82-769264D39493}.Debug|Any CPU.ActiveCfg = Debug|Any CPU
		{8951A185-6DD9-4A14-BC82-769264D39493}.Debug|Any CPU.Build.0 = Debug|Any CPU
		{8951A185-6DD9-4A14-BC82-769264D39493}.Release|Any CPU.ActiveCfg = Release|Any CPU
		{8951A185-6DD9-4A14-BC82-769264D39493}.Release|Any CPU.Build.0 = Release|Any CPU
		{7FCD9818-9BEA-47C8-817A-4FAFEDE5CAFC}.Debug|Any CPU.ActiveCfg = Debug|Any CPU
		{7FCD9818-9BEA-47C8-817A-4FAFEDE5CAFC}.Debug|Any CPU.Build.0 = Debug|Any CPU
		{7FCD9818-9BEA-47C8-817A-4FAFEDE5CAFC}.Release|Any CPU.ActiveCfg = Release|Any CPU
		{7FCD9818-9BEA-47C8-817A-4FAFEDE5CAFC}.Release|Any CPU.Build.0 = Release|Any CPU
	EndGlobalSection
	GlobalSection(SolutionProperties) = preSolution
		HideSolutionNode = FALSE
	EndGlobalSection
	GlobalSection(ExtensibilityGlobals) = postSolution
		SolutionGuid = {C33F7AA3-FFF4-439A-99CC-2E816AC6A592}
	EndGlobalSection
EndGlobal
